# generated by rye
# use `rye lock` or `rye sync` to update this lockfile
#
# last locked with the following flags:
#   pre: false
#   features: []
#   all-features: false

-e file:.
asgiref==3.7.2
dj-database-url==2.1.0
django==4.2.7
django-extensions==3.2.3
djangorestframework==3.14.0
geographiclib==2.0
geopy==2.4.1
pymysql==1.1.0
pytz==2023.3.post1
sqlparse==0.4.4
typing-extensions==4.8.0
